
Microsoft Visual Studio Solution File, Format Version 12.00
# Visual Studio 2012
Project("{2150E333-8FDC-42A3-9474-1A3956D46DE8}") = "Module.01", "Module.01", "{C2356CEC-8052-4131-ABDD-950D7D9028B2}"
EndProject
Project("{FAE04EC0-301F-11D3-BF4B-00C04F79EFBC}") = "Example.01", "Module.01\Example.01\Example.01.csproj", "{6D4787C7-3C76-48C0-8B46-0B509BFA47AA}"
EndProject
Project("{FAE04EC0-301F-11D3-BF4B-00C04F79EFBC}") = "Example.02", "Module.01\Example.02\Example.02.csproj", "{3DE1A269-0163-49A9-9C91-87A45DCD90B5}"
EndProject
Project("{FAE04EC0-301F-11D3-BF4B-00C04F79EFBC}") = "Bank", "Module.01\Bank\Bank.csproj", "{B92A1111-6D61-4020-AE9A-9AD90FDACF9C}"
EndProject
Project("{FAE04EC0-301F-11D3-BF4B-00C04F79EFBC}") = "TestKolejki", "Module.01\TestKolejki\TestKolejki.csproj", "{39209805-EBF7-4C0D-A48F-95EC4D42D2DA}"
EndProject
Project("{2150E333-8FDC-42A3-9474-1A3956D46DE8}") = "Module.02", "Module.02", "{D609D5DC-766E-49EF-9FF3-B964F75544F7}"
EndProject
Project("{FAE04EC0-301F-11D3-BF4B-00C04F79EFBC}") = "Czolg", "Module.02\Czolg\Czolg.csproj", "{9B25AEDD-C068-4144-ACE6-08C2A6C9A1E4}"
EndProject
Project("{FAE04EC0-301F-11D3-BF4B-00C04F79EFBC}") = "Kadry", "Module.02\Kadry\Kadry.csproj", "{775F689D-7963-447A-8D62-BDE163D9C730}"
EndProject
Project("{FAE04EC0-301F-11D3-BF4B-00C04F79EFBC}") = "TestListy", "Module.02\TestListy\TestListy.csproj", "{3997A924-2B1C-4805-A405-40D8FCA31FEA}"
EndProject
Project("{2150E333-8FDC-42A3-9474-1A3956D46DE8}") = "Module.03", "Module.03", "{52DDD752-1692-4264-8993-4AF6DB2EA737}"
EndProject
Project("{FAE04EC0-301F-11D3-BF4B-00C04F79EFBC}") = "Kadry2", "Module.03\Kadry2\Kadry2.csproj", "{F7CED48F-3AA8-44E0-B1FF-71720AC81F29}"
EndProject
Global
	GlobalSection(SolutionConfigurationPlatforms) = preSolution
		Debug|Any CPU = Debug|Any CPU
		Release|Any CPU = Release|Any CPU
	EndGlobalSection
	GlobalSection(ProjectConfigurationPlatforms) = postSolution
		{6D4787C7-3C76-48C0-8B46-0B509BFA47AA}.Debug|Any CPU.ActiveCfg = Debug|Any CPU
		{6D4787C7-3C76-48C0-8B46-0B509BFA47AA}.Debug|Any CPU.Build.0 = Debug|Any CPU
		{6D4787C7-3C76-48C0-8B46-0B509BFA47AA}.Release|Any CPU.ActiveCfg = Release|Any CPU
		{6D4787C7-3C76-48C0-8B46-0B509BFA47AA}.Release|Any CPU.Build.0 = Release|Any CPU
		{3DE1A269-0163-49A9-9C91-87A45DCD90B5}.Debug|Any CPU.ActiveCfg = Debug|Any CPU
		{3DE1A269-0163-49A9-9C91-87A45DCD90B5}.Debug|Any CPU.Build.0 = Debug|Any CPU
		{3DE1A269-0163-49A9-9C91-87A45DCD90B5}.Release|Any CPU.ActiveCfg = Release|Any CPU
		{3DE1A269-0163-49A9-9C91-87A45DCD90B5}.Release|Any CPU.Build.0 = Release|Any CPU
		{B92A1111-6D61-4020-AE9A-9AD90FDACF9C}.Debug|Any CPU.ActiveCfg = Debug|Any CPU
		{B92A1111-6D61-4020-AE9A-9AD90FDACF9C}.Debug|Any CPU.Build.0 = Debug|Any CPU
		{B92A1111-6D61-4020-AE9A-9AD90FDACF9C}.Release|Any CPU.ActiveCfg = Release|Any CPU
		{B92A1111-6D61-4020-AE9A-9AD90FDACF9C}.Release|Any CPU.Build.0 = Release|Any CPU
		{39209805-EBF7-4C0D-A48F-95EC4D42D2DA}.Debug|Any CPU.ActiveCfg = Debug|Any CPU
		{39209805-EBF7-4C0D-A48F-95EC4D42D2DA}.Debug|Any CPU.Build.0 = Debug|Any CPU
		{39209805-EBF7-4C0D-A48F-95EC4D42D2DA}.Release|Any CPU.ActiveCfg = Release|Any CPU
		{39209805-EBF7-4C0D-A48F-95EC4D42D2DA}.Release|Any CPU.Build.0 = Release|Any CPU
		{9B25AEDD-C068-4144-ACE6-08C2A6C9A1E4}.Debug|Any CPU.ActiveCfg = Debug|Any CPU
		{9B25AEDD-C068-4144-ACE6-08C2A6C9A1E4}.Debug|Any CPU.Build.0 = Debug|Any CPU
		{9B25AEDD-C068-4144-ACE6-08C2A6C9A1E4}.Release|Any CPU.ActiveCfg = Release|Any CPU
		{9B25AEDD-C068-4144-ACE6-08C2A6C9A1E4}.Release|Any CPU.Build.0 = Release|Any CPU
		{775F689D-7963-447A-8D62-BDE163D9C730}.Debug|Any CPU.ActiveCfg = Debug|Any CPU
		{775F689D-7963-447A-8D62-BDE163D9C730}.Debug|Any CPU.Build.0 = Debug|Any CPU
		{775F689D-7963-447A-8D62-BDE163D9C730}.Release|Any CPU.ActiveCfg = Release|Any CPU
		{775F689D-7963-447A-8D62-BDE163D9C730}.Release|Any CPU.Build.0 = Release|Any CPU
		{3997A924-2B1C-4805-A405-40D8FCA31FEA}.Debug|Any CPU.ActiveCfg = Debug|Any CPU
		{3997A924-2B1C-4805-A405-40D8FCA31FEA}.Debug|Any CPU.Build.0 = Debug|Any CPU
		{3997A924-2B1C-4805-A405-40D8FCA31FEA}.Release|Any CPU.ActiveCfg = Release|Any CPU
		{3997A924-2B1C-4805-A405-40D8FCA31FEA}.Release|Any CPU.Build.0 = Release|Any CPU
		{F7CED48F-3AA8-44E0-B1FF-71720AC81F29}.Debug|Any CPU.ActiveCfg = Debug|Any CPU
		{F7CED48F-3AA8-44E0-B1FF-71720AC81F29}.Debug|Any CPU.Build.0 = Debug|Any CPU
		{F7CED48F-3AA8-44E0-B1FF-71720AC81F29}.Release|Any CPU.ActiveCfg = Release|Any CPU
		{F7CED48F-3AA8-44E0-B1FF-71720AC81F29}.Release|Any CPU.Build.0 = Release|Any CPU
	EndGlobalSection
	GlobalSection(NestedProjects) = preSolution
		{6D4787C7-3C76-48C0-8B46-0B509BFA47AA} = {C2356CEC-8052-4131-ABDD-950D7D9028B2}
		{3DE1A269-0163-49A9-9C91-87A45DCD90B5} = {C2356CEC-8052-4131-ABDD-950D7D9028B2}
		{B92A1111-6D61-4020-AE9A-9AD90FDACF9C} = {C2356CEC-8052-4131-ABDD-950D7D9028B2}
		{39209805-EBF7-4C0D-A48F-95EC4D42D2DA} = {C2356CEC-8052-4131-ABDD-950D7D9028B2}
		{9B25AEDD-C068-4144-ACE6-08C2A6C9A1E4} = {D609D5DC-766E-49EF-9FF3-B964F75544F7}
		{775F689D-7963-447A-8D62-BDE163D9C730} = {D609D5DC-766E-49EF-9FF3-B964F75544F7}
		{3997A924-2B1C-4805-A405-40D8FCA31FEA} = {D609D5DC-766E-49EF-9FF3-B964F75544F7}
		{F7CED48F-3AA8-44E0-B1FF-71720AC81F29} = {52DDD752-1692-4264-8993-4AF6DB2EA737}
	EndGlobalSection
EndGlobal
